// !$*UTF8*$!
{
	archiveVersion = 1;
	classes = {
	};
	objectVersion = 46;
	objects = {

/* Begin PBXBuildFile section */
		4038BC80194608FF002BE518 /* MapMainView.m in Sources */ = {isa = PBXBuildFile; fileRef = 4038BC7F194608FF002BE518 /* MapMainView.m */; };
		4038BC8419461C75002BE518 /* UserAnnotation.m in Sources */ = {isa = PBXBuildFile; fileRef = 4038BC8319461C75002BE518 /* UserAnnotation.m */; };
		4038BC881946F906002BE518 /* UserAnnotationView.m in Sources */ = {isa = PBXBuildFile; fileRef = 4038BC871946F906002BE518 /* UserAnnotationView.m */; };
		4038BC8F19473689002BE518 /* UserImageDownloader.m in Sources */ = {isa = PBXBuildFile; fileRef = 4038BC8E19473689002BE518 /* UserImageDownloader.m */; };
		4080EE4B1945A6CA00ECCC4D /* main.m in Sources */ = {isa = PBXBuildFile; fileRef = 4080EE4A1945A6CA00ECCC4D /* main.m */; };
		4080EE4E1945A6CA00ECCC4D /* AppDelegate.m in Sources */ = {isa = PBXBuildFile; fileRef = 4080EE4D1945A6CA00ECCC4D /* AppDelegate.m */; };
		4080EE501945A6CA00ECCC4D /* Images.xcassets in Resources */ = {isa = PBXBuildFile; fileRef = 4080EE4F1945A6CA00ECCC4D /* Images.xcassets */; };
		4080EE5C1945A6CB00ECCC4D /* DraugiemLocationTests.m in Sources */ = {isa = PBXBuildFile; fileRef = 4080EE5B1945A6CB00ECCC4D /* DraugiemLocationTests.m */; };
		4080EE671945A6E500ECCC4D /* MapViewController.m in Sources */ = {isa = PBXBuildFile; fileRef = 4080EE661945A6E500ECCC4D /* MapViewController.m */; };
		4080EE6C1945EE6700ECCC4D /* StreamConverter.m in Sources */ = {isa = PBXBuildFile; fileRef = 4080EE6B1945EE6700ECCC4D /* StreamConverter.m */; };
/* End PBXBuildFile section */

/* Begin PBXContainerItemProxy section */
		4080EE561945A6CB00ECCC4D /* PBXContainerItemProxy */ = {
			isa = PBXContainerItemProxy;
			containerPortal = 4080EE3D1945A6CA00ECCC4D /* Project object */;
			proxyType = 1;
			remoteGlobalIDString = 4080EE441945A6CA00ECCC4D;
			remoteInfo = DraugiemLocation;
		};
/* End PBXContainerItemProxy section */

/* Begin PBXFileReference section */
		4038BC7E194608FF002BE518 /* MapMainView.h */ = {isa = PBXFileReference; fileEncoding = 4; lastKnownFileType = sourcecode.c.h; path = MapMainView.h; sourceTree = "<group>"; };
		4038BC7F194608FF002BE518 /* MapMainView.m */ = {isa = PBXFileReference; fileEncoding = 4; lastKnownFileType = sourcecode.c.objc; path = MapMainView.m; sourceTree = "<group>"; };
		4038BC8219461C75002BE518 /* UserAnnotation.h */ = {isa = PBXFileReference; fileEncoding = 4; lastKnownFileType = sourcecode.c.h; path = UserAnnotation.h; sourceTree = "<group>"; };
		4038BC8319461C75002BE518 /* UserAnnotation.m */ = {isa = PBXFileReference; fileEncoding = 4; lastKnownFileType = sourcecode.c.objc; path = UserAnnotation.m; sourceTree = "<group>"; };
		4038BC861946F906002BE518 /* UserAnnotationView.h */ = {isa = PBXFileReference; fileEncoding = 4; lastKnownFileType = sourcecode.c.h; path = UserAnnotationView.h; sourceTree = "<group>"; };
		4038BC871946F906002BE518 /* UserAnnotationView.m */ = {isa = PBXFileReference; fileEncoding = 4; lastKnownFileType = sourcecode.c.objc; path = UserAnnotationView.m; sourceTree = "<group>"; };
		4038BC8D19473689002BE518 /* UserImageDownloader.h */ = {isa = PBXFileReference; fileEncoding = 4; lastKnownFileType = sourcecode.c.h; path = UserImageDownloader.h; sourceTree = "<group>"; };
		4038BC8E19473689002BE518 /* UserImageDownloader.m */ = {isa = PBXFileReference; fileEncoding = 4; lastKnownFileType = sourcecode.c.objc; path = UserImageDownloader.m; sourceTree = "<group>"; };
		4080EE451945A6CA00ECCC4D /* DraugiemLocation.app */ = {isa = PBXFileReference; explicitFileType = wrapper.application; includeInIndex = 0; path = DraugiemLocation.app; sourceTree = BUILT_PRODUCTS_DIR; };
		4080EE491945A6CA00ECCC4D /* Info.plist */ = {isa = PBXFileReference; lastKnownFileType = text.plist.xml; path = Info.plist; sourceTree = "<group>"; };
		4080EE4A1945A6CA00ECCC4D /* main.m */ = {isa = PBXFileReference; lastKnownFileType = sourcecode.c.objc; path = main.m; sourceTree = "<group>"; };
		4080EE4C1945A6CA00ECCC4D /* AppDelegate.h */ = {isa = PBXFileReference; lastKnownFileType = sourcecode.c.h; path = AppDelegate.h; sourceTree = "<group>"; };
		4080EE4D1945A6CA00ECCC4D /* AppDelegate.m */ = {isa = PBXFileReference; lastKnownFileType = sourcecode.c.objc; path = AppDelegate.m; sourceTree = "<group>"; };
		4080EE4F1945A6CA00ECCC4D /* Images.xcassets */ = {isa = PBXFileReference; lastKnownFileType = folder.assetcatalog; path = Images.xcassets; sourceTree = "<group>"; };
		4080EE551945A6CB00ECCC4D /* DraugiemLocationTests.xctest */ = {isa = PBXFileReference; explicitFileType = wrapper.cfbundle; includeInIndex = 0; path = DraugiemLocationTests.xctest; sourceTree = BUILT_PRODUCTS_DIR; };
		4080EE5A1945A6CB00ECCC4D /* Info.plist */ = {isa = PBXFileReference; lastKnownFileType = text.plist.xml; path = Info.plist; sourceTree = "<group>"; };
		4080EE5B1945A6CB00ECCC4D /* DraugiemLocationTests.m */ = {isa = PBXFileReference; lastKnownFileType = sourcecode.c.objc; path = DraugiemLocationTests.m; sourceTree = "<group>"; };
		4080EE651945A6E500ECCC4D /* MapViewController.h */ = {isa = PBXFileReference; fileEncoding = 4; lastKnownFileType = sourcecode.c.h; path = MapViewController.h; sourceTree = "<group>"; };
		4080EE661945A6E500ECCC4D /* MapViewController.m */ = {isa = PBXFileReference; fileEncoding = 4; lastKnownFileType = sourcecode.c.objc; path = MapViewController.m; sourceTree = "<group>"; };
		4080EE6A1945EE6700ECCC4D /* StreamConverter.h */ = {isa = PBXFileReference; fileEncoding = 4; lastKnownFileType = sourcecode.c.h; path = StreamConverter.h; sourceTree = "<group>"; };
		4080EE6B1945EE6700ECCC4D /* StreamConverter.m */ = {isa = PBXFileReference; fileEncoding = 4; lastKnownFileType = sourcecode.c.objc; path = StreamConverter.m; sourceTree = "<group>"; };
		4093F63D19478289006469CF /* UserCacheController.h */ = {isa = PBXFileReference; lastKnownFileType = sourcecode.c.h; path = UserCacheController.h; sourceTree = "<group>"; };
		4093F63E19478289006469CF /* UserCacheController.m */ = {isa = PBXFileReference; lastKnownFileType = sourcecode.c.objc; path = UserCacheController.m; sourceTree = "<group>"; };
/* End PBXFileReference section */

/* Begin PBXFrameworksBuildPhase section */
		4080EE421945A6CA00ECCC4D /* Frameworks */ = {
			isa = PBXFrameworksBuildPhase;
			buildActionMask = 2147483647;
			files = (
			);
			runOnlyForDeploymentPostprocessing = 0;
		};
		4080EE521945A6CB00ECCC4D /* Frameworks */ = {
			isa = PBXFrameworksBuildPhase;
			buildActionMask = 2147483647;
			files = (
			);
			runOnlyForDeploymentPostprocessing = 0;
		};
/* End PBXFrameworksBuildPhase section */

/* Begin PBXGroup section */
		4038BC7C194608CF002BE518 /* Views */ = {
			isa = PBXGroup;
			children = (
				4038BC851946F8F1002BE518 /* customAnnotationView */,
				4038BC7D194608DB002BE518 /* mapView */,
			);
			name = Views;
			sourceTree = "<group>";
		};
		4038BC7D194608DB002BE518 /* mapView */ = {
			isa = PBXGroup;
			children = (
				4038BC7E194608FF002BE518 /* MapMainView.h */,
				4038BC7F194608FF002BE518 /* MapMainView.m */,
			);
			name = mapView;
			sourceTree = "<group>";
		};
		4038BC8119461C3E002BE518 /* customAnnotation */ = {
			isa = PBXGroup;
			children = (
				4038BC8219461C75002BE518 /* UserAnnotation.h */,
				4038BC8319461C75002BE518 /* UserAnnotation.m */,
			);
			name = customAnnotation;
			sourceTree = "<group>";
		};
		4038BC851946F8F1002BE518 /* customAnnotationView */ = {
			isa = PBXGroup;
			children = (
				4038BC861946F906002BE518 /* UserAnnotationView.h */,
				4038BC871946F906002BE518 /* UserAnnotationView.m */,
			);
			name = customAnnotationView;
			sourceTree = "<group>";
		};
		4038BC89194734C6002BE518 /* imageDownloader */ = {
			isa = PBXGroup;
			children = (
				4038BC8D19473689002BE518 /* UserImageDownloader.h */,
				4038BC8E19473689002BE518 /* UserImageDownloader.m */,
			);
			name = imageDownloader;
			sourceTree = "<group>";
		};
		4080EE3C1945A6CA00ECCC4D = {
			isa = PBXGroup;
			children = (
				4080EE471945A6CA00ECCC4D /* DraugiemLocation */,
				4080EE581945A6CB00ECCC4D /* DraugiemLocationTests */,
				4080EE461945A6CA00ECCC4D /* Products */,
			);
			sourceTree = "<group>";
		};
		4080EE461945A6CA00ECCC4D /* Products */ = {
			isa = PBXGroup;
			children = (
				4080EE451945A6CA00ECCC4D /* DraugiemLocation.app */,
				4080EE551945A6CB00ECCC4D /* DraugiemLocationTests.xctest */,
			);
			name = Products;
			sourceTree = "<group>";
		};
		4080EE471945A6CA00ECCC4D /* DraugiemLocation */ = {
			isa = PBXGroup;
			children = (
				4080EE681945EE4400ECCC4D /* Models */,
				4038BC7C194608CF002BE518 /* Views */,
				4093F63F194784B7006469CF /* Controllers */,
				4080EE4C1945A6CA00ECCC4D /* AppDelegate.h */,
				4080EE4D1945A6CA00ECCC4D /* AppDelegate.m */,
				4080EE4F1945A6CA00ECCC4D /* Images.xcassets */,
				4080EE481945A6CA00ECCC4D /* Supporting Files */,
			);
			path = DraugiemLocation;
			sourceTree = "<group>";
		};
		4080EE481945A6CA00ECCC4D /* Supporting Files */ = {
			isa = PBXGroup;
			children = (
				4080EE491945A6CA00ECCC4D /* Info.plist */,
				4080EE4A1945A6CA00ECCC4D /* main.m */,
			);
			name = "Supporting Files";
			sourceTree = "<group>";
		};
		4080EE581945A6CB00ECCC4D /* DraugiemLocationTests */ = {
			isa = PBXGroup;
			children = (
				4080EE5B1945A6CB00ECCC4D /* DraugiemLocationTests.m */,
				4080EE591945A6CB00ECCC4D /* Supporting Files */,
			);
			path = DraugiemLocationTests;
			sourceTree = "<group>";
		};
		4080EE591945A6CB00ECCC4D /* Supporting Files */ = {
			isa = PBXGroup;
			children = (
				4080EE5A1945A6CB00ECCC4D /* Info.plist */,
			);
			name = "Supporting Files";
			sourceTree = "<group>";
		};
		4080EE681945EE4400ECCC4D /* Models */ = {
			isa = PBXGroup;
			children = (
				4038BC8119461C3E002BE518 /* customAnnotation */,
				4093F63619477732006469CF /* cacheController */,
				4038BC89194734C6002BE518 /* imageDownloader */,
				4080EE691945EE4E00ECCC4D /* streamConverter */,
			);
			name = Models;
			sourceTree = "<group>";
		};
		4080EE691945EE4E00ECCC4D /* streamConverter */ = {
			isa = PBXGroup;
			children = (
				4080EE6A1945EE6700ECCC4D /* StreamConverter.h */,
				4080EE6B1945EE6700ECCC4D /* StreamConverter.m */,
			);
			name = streamConverter;
			sourceTree = "<group>";
		};
		4093F63619477732006469CF /* cacheController */ = {
			isa = PBXGroup;
			children = (
				4093F63D19478289006469CF /* UserCacheController.h */,
				4093F63E19478289006469CF /* UserCacheController.m */,
			);
			name = cacheController;
			sourceTree = "<group>";
		};
		4093F63F194784B7006469CF /* Controllers */ = {
			isa = PBXGroup;
			children = (
				4080EE651945A6E500ECCC4D /* MapViewController.h */,
				4080EE661945A6E500ECCC4D /* MapViewController.m */,
			);
			name = Controllers;
			sourceTree = "<group>";
		};
/* End PBXGroup section */

/* Begin PBXNativeTarget section */
		4080EE441945A6CA00ECCC4D /* DraugiemLocation */ = {
			isa = PBXNativeTarget;
			buildConfigurationList = 4080EE5F1945A6CB00ECCC4D /* Build configuration list for PBXNativeTarget "DraugiemLocation" */;
			buildPhases = (
				4080EE411945A6CA00ECCC4D /* Sources */,
				4080EE421945A6CA00ECCC4D /* Frameworks */,
				4080EE431945A6CA00ECCC4D /* Resources */,
			);
			buildRules = (
			);
			dependencies = (
			);
			name = DraugiemLocation;
			productName = DraugiemLocation;
			productReference = 4080EE451945A6CA00ECCC4D /* DraugiemLocation.app */;
			productType = "com.apple.product-type.application";
		};
		4080EE541945A6CB00ECCC4D /* DraugiemLocationTests */ = {
			isa = PBXNativeTarget;
			buildConfigurationList = 4080EE621945A6CB00ECCC4D /* Build configuration list for PBXNativeTarget "DraugiemLocationTests" */;
			buildPhases = (
				4080EE511945A6CB00ECCC4D /* Sources */,
				4080EE521945A6CB00ECCC4D /* Frameworks */,
				4080EE531945A6CB00ECCC4D /* Resources */,
			);
			buildRules = (
			);
			dependencies = (
				4080EE571945A6CB00ECCC4D /* PBXTargetDependency */,
			);
			name = DraugiemLocationTests;
			productName = DraugiemLocationTests;
			productReference = 4080EE551945A6CB00ECCC4D /* DraugiemLocationTests.xctest */;
			productType = "com.apple.product-type.bundle.unit-test";
		};
/* End PBXNativeTarget section */

/* Begin PBXProject section */
		4080EE3D1945A6CA00ECCC4D /* Project object */ = {
			isa = PBXProject;
			attributes = {
				LastUpgradeCheck = 0600;
				ORGANIZATIONNAME = "Armands Lazdiņš";
				TargetAttributes = {
					4080EE441945A6CA00ECCC4D = {
						CreatedOnToolsVersion = 6.0;
					};
					4080EE541945A6CB00ECCC4D = {
						CreatedOnToolsVersion = 6.0;
						TestTargetID = 4080EE441945A6CA00ECCC4D;
					};
				};
			};
			buildConfigurationList = 4080EE401945A6CA00ECCC4D /* Build configuration list for PBXProject "DraugiemLocation" */;
			compatibilityVersion = "Xcode 3.2";
			developmentRegion = English;
			hasScannedForEncodings = 0;
			knownRegions = (
				en,
			);
			mainGroup = 4080EE3C1945A6CA00ECCC4D;
			productRefGroup = 4080EE461945A6CA00ECCC4D /* Products */;
			projectDirPath = "";
			projectRoot = "";
			targets = (
				4080EE441945A6CA00ECCC4D /* DraugiemLocation */,
				4080EE541945A6CB00ECCC4D /* DraugiemLocationTests */,
			);
		};
/* End PBXProject section */

/* Begin PBXResourcesBuildPhase section */
		4080EE431945A6CA00ECCC4D /* Resources */ = {
			isa = PBXResourcesBuildPhase;
			buildActionMask = 2147483647;
			files = (
				4080EE501945A6CA00ECCC4D /* Images.xcassets in Resources */,
			);
			runOnlyForDeploymentPostprocessing = 0;
		};
		4080EE531945A6CB00ECCC4D /* Resources */ = {
			isa = PBXResourcesBuildPhase;
			buildActionMask = 2147483647;
			files = (
			);
			runOnlyForDeploymentPostprocessing = 0;
		};
/* End PBXResourcesBuildPhase section */

/* Begin PBXSourcesBuildPhase section */
		4080EE411945A6CA00ECCC4D /* Sources */ = {
			isa = PBXSourcesBuildPhase;
			buildActionMask = 2147483647;
			files = (
				4038BC8419461C75002BE518 /* UserAnnotation.m in Sources */,
				4080EE6C1945EE6700ECCC4D /* StreamConverter.m in Sources */,
				4038BC80194608FF002BE518 /* MapMainView.m in Sources */,
				4038BC881946F906002BE518 /* UserAnnotationView.m in Sources */,
				4080EE671945A6E500ECCC4D /* MapViewController.m in Sources */,
				4038BC8F19473689002BE518 /* UserImageDownloader.m in Sources */,
				4080EE4E1945A6CA00ECCC4D /* AppDelegate.m in Sources */,
				4080EE4B1945A6CA00ECCC4D /* main.m in Sources */,
			);
			runOnlyForDeploymentPostprocessing = 0;
		};
		4080EE511945A6CB00ECCC4D /* Sources */ = {
			isa = PBXSourcesBuildPhase;
			buildActionMask = 2147483647;
			files = (
				4080EE5C1945A6CB00ECCC4D /* DraugiemLocationTests.m in Sources */,
			);
			runOnlyForDeploymentPostprocessing = 0;
		};
/* End PBXSourcesBuildPhase section */

/* Begin PBXTargetDependency section */
		4080EE571945A6CB00ECCC4D /* PBXTargetDependency */ = {
			isa = PBXTargetDependency;
			target = 4080EE441945A6CA00ECCC4D /* DraugiemLocation */;
			targetProxy = 4080EE561945A6CB00ECCC4D /* PBXContainerItemProxy */;
		};
/* End PBXTargetDependency section */

/* Begin XCBuildConfiguration section */
		4080EE5D1945A6CB00ECCC4D /* Debug */ = {
			isa = XCBuildConfiguration;
			buildSettings = {
				ALWAYS_SEARCH_USER_PATHS = NO;
				CLANG_CXX_LANGUAGE_STANDARD = "gnu++0x";
				CLANG_CXX_LIBRARY = "libc++";
				CLANG_ENABLE_MODULES = YES;
				CLANG_ENABLE_OBJC_ARC = YES;
				CLANG_WARN_BOOL_CONVERSION = YES;
				CLANG_WARN_CONSTANT_CONVERSION = YES;
				CLANG_WARN_DIRECT_OBJC_ISA_USAGE = YES_ERROR;
				CLANG_WARN_EMPTY_BODY = YES;
				CLANG_WARN_ENUM_CONVERSION = YES;
				CLANG_WARN_INT_CONVERSION = YES;
				CLANG_WARN_OBJC_ROOT_CLASS = YES_ERROR;
				CLANG_WARN_UNREACHABLE_CODE = YES;
				CLANG_WARN__DUPLICATE_METHOD_MATCH = YES;
				"CODE_SIGN_IDENTITY[sdk=iphoneos*]" = "iPhone Developer";
				COPY_PHASE_STRIP = NO;
				ENABLE_STRICT_OBJC_MSGSEND = YES;
				GCC_C_LANGUAGE_STANDARD = gnu99;
				GCC_DYNAMIC_NO_PIC = NO;
				GCC_OPTIMIZATION_LEVEL = 0;
				GCC_PREPROCESSOR_DEFINITIONS = (
					"DEBUG=1",
					"$(inherited)",
				);
				GCC_SYMBOLS_PRIVATE_EXTERN = NO;
				GCC_WARN_64_TO_32_BIT_CONVERSION = YES;
				GCC_WARN_ABOUT_RETURN_TYPE = YES_ERROR;
				GCC_WARN_UNDECLARED_SELECTOR = YES;
				GCC_WARN_UNINITIALIZED_AUTOS = YES_AGGRESSIVE;
				GCC_WARN_UNUSED_FUNCTION = YES;
				GCC_WARN_UNUSED_VARIABLE = YES;
				IPHONEOS_DEPLOYMENT_TARGET = 8.0;
				METAL_ENABLE_DEBUG_INFO = YES;
				ONLY_ACTIVE_ARCH = YES;
				SDKROOT = iphoneos;
			};
			name = Debug;
		};
		4080EE5E1945A6CB00ECCC4D /* Release */ = {
			isa = XCBuildConfiguration;
			buildSettings = {
				ALWAYS_SEARCH_USER_PATHS = NO;
				CLANG_CXX_LANGUAGE_STANDARD = "gnu++0x";
				CLANG_CXX_LIBRARY = "libc++";
				CLANG_ENABLE_MODULES = YES;
				CLANG_ENABLE_OBJC_ARC = YES;
				CLANG_WARN_BOOL_CONVERSION = YES;
				CLANG_WARN_CONSTANT_CONVERSION = YES;
				CLANG_WARN_DIRECT_OBJC_ISA_USAGE = YES_ERROR;
				CLANG_WARN_EMPTY_BODY = YES;
				CLANG_WARN_ENUM_CONVERSION = YES;
				CLANG_WARN_INT_CONVERSION = YES;
				CLANG_WARN_OBJC_ROOT_CLASS = YES_ERROR;
				CLANG_WARN_UNREACHABLE_CODE = YES;
				CLANG_WARN__DUPLICATE_METHOD_MATCH = YES;
				"CODE_SIGN_IDENTITY[sdk=iphoneos*]" = "iPhone Developer";
				COPY_PHASE_STRIP = YES;
				ENABLE_NS_ASSERTIONS = NO;
				ENABLE_STRICT_OBJC_MSGSEND = YES;
				GCC_C_LANGUAGE_STANDARD = gnu99;
				GCC_WARN_64_TO_32_BIT_CONVERSION = YES;
				GCC_WARN_ABOUT_RETURN_TYPE = YES_ERROR;
				GCC_WARN_UNDECLARED_SELECTOR = YES;
				GCC_WARN_UNINITIALIZED_AUTOS = YES_AGGRESSIVE;
				GCC_WARN_UNUSED_FUNCTION = YES;
				GCC_WARN_UNUSED_VARIABLE = YES;
				IPHONEOS_DEPLOYMENT_TARGET = 8.0;
				METAL_ENABLE_DEBUG_INFO = NO;
				SDKROOT = iphoneos;
				VALIDATE_PRODUCT = YES;
			};
			name = Release;
		};
		4080EE601945A6CB00ECCC4D /* Debug */ = {
			isa = XCBuildConfiguration;
			buildSettings = {
				ASSETCATALOG_COMPILER_APPICON_NAME = AppIcon;
				ASSETCATALOG_COMPILER_LAUNCHIMAGE_NAME = LaunchImage;
				INFOPLIST_FILE = DraugiemLocation/Info.plist;
				IPHONEOS_DEPLOYMENT_TARGET = 8.0;
				LD_RUNPATH_SEARCH_PATHS = "$(inherited) @executable_path/Frameworks";
				PRODUCT_NAME = "$(TARGET_NAME)";
				TARGETED_DEVICE_FAMILY = 1;
			};
			name = Debug;
		};
		4080EE611945A6CB00ECCC4D /* Release */ = {
			isa = XCBuildConfiguration;
			buildSettings = {
				ASSETCATALOG_COMPILER_APPICON_NAME = AppIcon;
				ASSETCATALOG_COMPILER_LAUNCHIMAGE_NAME = LaunchImage;
				INFOPLIST_FILE = DraugiemLocation/Info.plist;
				IPHONEOS_DEPLOYMENT_TARGET = 8.0;
				LD_RUNPATH_SEARCH_PATHS = "$(inherited) @executable_path/Frameworks";
				PRODUCT_NAME = "$(TARGET_NAME)";
				TARGETED_DEVICE_FAMILY = 1;
			};
			name = Release;
		};
		4080EE631945A6CB00ECCC4D /* Debug */ = {
			isa = XCBuildConfiguration;
			buildSettings = {
				BUNDLE_LOADER = "$(BUILT_PRODUCTS_DIR)/DraugiemLocation.app/DraugiemLocation";
				FRAMEWORK_SEARCH_PATHS = (
					"$(SDKROOT)/Developer/Library/Frameworks",
					"$(inherited)",
				);
				GCC_PREPROCESSOR_DEFINITIONS = (
					"DEBUG=1",
					"$(inherited)",
				);
				INFOPLIST_FILE = DraugiemLocationTests/Info.plist;
				LD_RUNPATH_SEARCH_PATHS = "$(inherited) @executable_path/Frameworks @loader_path/Frameworks";
				METAL_ENABLE_DEBUG_INFO = YES;
				PRODUCT_NAME = "$(TARGET_NAME)";
				TEST_HOST = "$(BUNDLE_LOADER)";
			};
			name = Debug;
		};
		4080EE641945A6CB00ECCC4D /* Release */ = {
			isa = XCBuildConfiguration;
			buildSettings = {
				BUNDLE_LOADER = "$(BUILT_PRODUCTS_DIR)/DraugiemLocation.app/DraugiemLocation";
				FRAMEWORK_SEARCH_PATHS = (
					"$(SDKROOT)/Developer/Library/Frameworks",
					"$(inherited)",
				);
				INFOPLIST_FILE = DraugiemLocationTests/Info.plist;
				LD_RUNPATH_SEARCH_PATHS = "$(inherited) @executable_path/Frameworks @loader_path/Frameworks";
				METAL_ENABLE_DEBUG_INFO = NO;
				PRODUCT_NAME = "$(TARGET_NAME)";
				TEST_HOST = "$(BUNDLE_LOADER)";
			};
			name = Release;
		};
/* End XCBuildConfiguration section */

/* Begin XCConfigurationList section */
		4080EE401945A6CA00ECCC4D /* Build configuration list for PBXProject "DraugiemLocation" */ = {
			isa = XCConfigurationList;
			buildConfigurations = (
				4080EE5D1945A6CB00ECCC4D /* Debug */,
				4080EE5E1945A6CB00ECCC4D /* Release */,
			);
			defaultConfigurationIsVisible = 0;
			defaultConfigurationName = Release;
		};
		4080EE5F1945A6CB00ECCC4D /* Build configuration list for PBXNativeTarget "DraugiemLocation" */ = {
			isa = XCConfigurationList;
			buildConfigurations = (
				4080EE601945A6CB00ECCC4D /* Debug */,
				4080EE611945A6CB00ECCC4D /* Release */,
			);
			defaultConfigurationIsVisible = 0;
			defaultConfigurationName = Release;
		};
		4080EE621945A6CB00ECCC4D /* Build configuration list for PBXNativeTarget "DraugiemLocationTests" */ = {
			isa = XCConfigurationList;
			buildConfigurations = (
				4080EE631945A6CB00ECCC4D /* Debug */,
				4080EE641945A6CB00ECCC4D /* Release */,
			);
			defaultConfigurationIsVisible = 0;
			defaultConfigurationName = Release;
		};
/* End XCConfigurationList section */
	};
	rootObject = 4080EE3D1945A6CA00ECCC4D /* Project object */;
}
